
Microsoft Visual Studio Solution File, Format Version 12.00
# Visual Studio Version 16
VisualStudioVersion = 16.0.30309.148
MinimumVisualStudioVersion = 10.0.40219.1
Project("{FAE04EC0-301F-11D3-BF4B-00C04F79EFBC}") = "LAB10_4MusicPlayer", "LAB10_4MusicPlayer\LAB10_4MusicPlayer.csproj", "{9D6AEDB4-7897-44A7-8F47-A4A117884A71}"
EndProject
Global
	GlobalSection(SolutionConfigurationPlatforms) = preSolution
		Debug|Any CPU = Debug|Any CPU
		Release|Any CPU = Release|Any CPU
	EndGlobalSection
	GlobalSection(ProjectConfigurationPlatforms) = postSolution
		{9D6AEDB4-7897-44A7-8F47-A4A117884A71}.Debug|Any CPU.ActiveCfg = Debug|Any CPU
		{9D6AEDB4-7897-44A7-8F47-A4A117884A71}.Debug|Any CPU.Build.0 = Debug|Any CPU
		{9D6AEDB4-7897-44A7-8F47-A4A117884A71}.Release|Any CPU.ActiveCfg = Release|Any CPU
		{9D6AEDB4-7897-44A7-8F47-A4A117884A71}.Release|Any CPU.Build.0 = Release|Any CPU
	EndGlobalSection
	GlobalSection(SolutionProperties) = preSolution
		HideSolutionNode = FALSE
	EndGlobalSection
	GlobalSection(ExtensibilityGlobals) = postSolution
		SolutionGuid = {92D68601-B957-4CF9-AFC5-EC3C8722DAAB}
	EndGlobalSection
EndGlobal
